
Microsoft Visual Studio Solution File, Format Version 12.00
# Visual Studio Version 17
VisualStudioVersion = 17.14.36414.22 d17.14
MinimumVisualStudioVersion = 10.0.40219.1
Project("{FAE04EC0-301F-11D3-BF4B-00C04F79EFBC}") = "NumbersGame", "NumbersGame.csproj", "{5EE7C360-6173-4807-AD3F-D12644A2C47F}"
EndProject
Global
	GlobalSection(SolutionConfigurationPlatforms) = preSolution
		Debug|Any CPU = Debug|Any CPU
		Release|Any CPU = Release|Any CPU
	EndGlobalSection
	GlobalSection(ProjectConfigurationPlatforms) = postSolution
		{5EE7C360-6173-4807-AD3F-D12644A2C47F}.Debug|Any CPU.ActiveCfg = Debug|Any CPU
		{5EE7C360-6173-4807-AD3F-D12644A2C47F}.Debug|Any CPU.Build.0 = Debug|Any CPU
		{5EE7C360-6173-4807-AD3F-D12644A2C47F}.Release|Any CPU.ActiveCfg = Release|Any CPU
		{5EE7C360-6173-4807-AD3F-D12644A2C47F}.Release|Any CPU.Build.0 = Release|Any CPU
	EndGlobalSection
	GlobalSection(SolutionProperties) = preSolution
		HideSolutionNode = FALSE
	EndGlobalSection
	GlobalSection(ExtensibilityGlobals) = postSolution
		SolutionGuid = {C0699187-E500-4718-9C39-24FFF4A2D890}
	EndGlobalSection
EndGlobal
